
Microsoft Visual Studio Solution File, Format Version 12.00
# Visual Studio Version 17
VisualStudioVersion = 17.2.32630.192
MinimumVisualStudioVersion = 10.0.40219.1
Project("{FAE04EC0-301F-11D3-BF4B-00C04F79EFBC}") = "Question_1", "Question_1\Question_1.csproj", "{38A60B88-B8F9-44D1-82BB-63B71F3AE3F2}"
EndProject
Project("{FAE04EC0-301F-11D3-BF4B-00C04F79EFBC}") = "Question_2", "asp\Question_2.csproj", "{D907717B-5028-4166-9E88-293C5702C00C}"
EndProject
Global
	GlobalSection(SolutionConfigurationPlatforms) = preSolution
		Debug|Any CPU = Debug|Any CPU
		Release|Any CPU = Release|Any CPU
	EndGlobalSection
	GlobalSection(ProjectConfigurationPlatforms) = postSolution
		{38A60B88-B8F9-44D1-82BB-63B71F3AE3F2}.Debug|Any CPU.ActiveCfg = Debug|Any CPU
		{38A60B88-B8F9-44D1-82BB-63B71F3AE3F2}.Debug|Any CPU.Build.0 = Debug|Any CPU
		{38A60B88-B8F9-44D1-82BB-63B71F3AE3F2}.Release|Any CPU.ActiveCfg = Release|Any CPU
		{38A60B88-B8F9-44D1-82BB-63B71F3AE3F2}.Release|Any CPU.Build.0 = Release|Any CPU
		{D907717B-5028-4166-9E88-293C5702C00C}.Debug|Any CPU.ActiveCfg = Debug|Any CPU
		{D907717B-5028-4166-9E88-293C5702C00C}.Debug|Any CPU.Build.0 = Debug|Any CPU
		{D907717B-5028-4166-9E88-293C5702C00C}.Release|Any CPU.ActiveCfg = Release|Any CPU
		{D907717B-5028-4166-9E88-293C5702C00C}.Release|Any CPU.Build.0 = Release|Any CPU
	EndGlobalSection
	GlobalSection(SolutionProperties) = preSolution
		HideSolutionNode = FALSE
	EndGlobalSection
	GlobalSection(ExtensibilityGlobals) = postSolution
		SolutionGuid = {EB57E221-0EA9-4FF0-B34C-BD530EBBBB2A}
	EndGlobalSection
EndGlobal
